
Microsoft Visual Studio Solution File, Format Version 12.00
# Visual Studio Version 16
VisualStudioVersion = 16.0.32106.194
MinimumVisualStudioVersion = 10.0.40219.1
Project("{2150E333-8FDC-42A3-9474-1A3956D46DE8}") = "Application", "Application", "{ED0CD5EF-AF55-4B8B-A2D6-1D86EC23C994}"
EndProject
Project("{2150E333-8FDC-42A3-9474-1A3956D46DE8}") = "Domain", "Domain", "{EF819D22-925F-47D5-98BA-C52BA43A5119}"
EndProject
Project("{2150E333-8FDC-42A3-9474-1A3956D46DE8}") = "Infra.IoC", "Infra.IoC", "{5293C9C4-B399-4108-857A-4A7616CC4948}"
EndProject
Project("{2150E333-8FDC-42A3-9474-1A3956D46DE8}") = "Infra.Data", "Infra.Data", "{462E7F3A-C1CE-4E2A-8181-BD2B71A0B935}"
EndProject
Project("{2150E333-8FDC-42A3-9474-1A3956D46DE8}") = "Presentation", "Presentation", "{273A3308-60D8-4E09-8526-C0B0C6875E1B}"
EndProject
Project("{9A19103F-16F7-4668-BE54-9A1E7A4F7556}") = "CleanArch.Mvc", "CleanArch.Mvc2\CleanArch.Mvc.csproj", "{4D3AF595-8295-4C81-AE35-BB7376456302}"
EndProject
Project("{9A19103F-16F7-4668-BE54-9A1E7A4F7556}") = "CleanArch.Domain", "CleanArch.Domain\CleanArch.Domain.csproj", "{F4641790-2F54-4C8C-AF92-4A438F80949E}"
EndProject
Project("{FAE04EC0-301F-11D3-BF4B-00C04F79EFBC}") = "CleanArch.Infra.Data", "CleanArch.Infra.Data\CleanArch.Infra.Data.csproj", "{B321FD89-0930-4572-9D94-2E70E6C2A256}"
EndProject
Project("{FAE04EC0-301F-11D3-BF4B-00C04F79EFBC}") = "CleanArch.Application", "CleanArch.Application\CleanArch.Application.csproj", "{5580D7CE-1472-4FED-87FD-D190644FBAFA}"
EndProject
Global
	GlobalSection(SolutionConfigurationPlatforms) = preSolution
		Debug|Any CPU = Debug|Any CPU
		Release|Any CPU = Release|Any CPU
	EndGlobalSection
	GlobalSection(ProjectConfigurationPlatforms) = postSolution
		{4D3AF595-8295-4C81-AE35-BB7376456302}.Debug|Any CPU.ActiveCfg = Debug|Any CPU
		{4D3AF595-8295-4C81-AE35-BB7376456302}.Debug|Any CPU.Build.0 = Debug|Any CPU
		{4D3AF595-8295-4C81-AE35-BB7376456302}.Release|Any CPU.ActiveCfg = Release|Any CPU
		{4D3AF595-8295-4C81-AE35-BB7376456302}.Release|Any CPU.Build.0 = Release|Any CPU
		{F4641790-2F54-4C8C-AF92-4A438F80949E}.Debug|Any CPU.ActiveCfg = Debug|Any CPU
		{F4641790-2F54-4C8C-AF92-4A438F80949E}.Debug|Any CPU.Build.0 = Debug|Any CPU
		{F4641790-2F54-4C8C-AF92-4A438F80949E}.Release|Any CPU.ActiveCfg = Release|Any CPU
		{F4641790-2F54-4C8C-AF92-4A438F80949E}.Release|Any CPU.Build.0 = Release|Any CPU
		{B321FD89-0930-4572-9D94-2E70E6C2A256}.Debug|Any CPU.ActiveCfg = Debug|Any CPU
		{B321FD89-0930-4572-9D94-2E70E6C2A256}.Debug|Any CPU.Build.0 = Debug|Any CPU
		{B321FD89-0930-4572-9D94-2E70E6C2A256}.Release|Any CPU.ActiveCfg = Release|Any CPU
		{B321FD89-0930-4572-9D94-2E70E6C2A256}.Release|Any CPU.Build.0 = Release|Any CPU
		{5580D7CE-1472-4FED-87FD-D190644FBAFA}.Debug|Any CPU.ActiveCfg = Debug|Any CPU
		{5580D7CE-1472-4FED-87FD-D190644FBAFA}.Debug|Any CPU.Build.0 = Debug|Any CPU
		{5580D7CE-1472-4FED-87FD-D190644FBAFA}.Release|Any CPU.ActiveCfg = Release|Any CPU
		{5580D7CE-1472-4FED-87FD-D190644FBAFA}.Release|Any CPU.Build.0 = Release|Any CPU
	EndGlobalSection
	GlobalSection(SolutionProperties) = preSolution
		HideSolutionNode = FALSE
	EndGlobalSection
	GlobalSection(NestedProjects) = preSolution
		{4D3AF595-8295-4C81-AE35-BB7376456302} = {273A3308-60D8-4E09-8526-C0B0C6875E1B}
		{F4641790-2F54-4C8C-AF92-4A438F80949E} = {EF819D22-925F-47D5-98BA-C52BA43A5119}
		{B321FD89-0930-4572-9D94-2E70E6C2A256} = {462E7F3A-C1CE-4E2A-8181-BD2B71A0B935}
		{5580D7CE-1472-4FED-87FD-D190644FBAFA} = {ED0CD5EF-AF55-4B8B-A2D6-1D86EC23C994}
	EndGlobalSection
	GlobalSection(ExtensibilityGlobals) = postSolution
		SolutionGuid = {017BF00C-3E7F-488B-96CA-2DC5D4607DA1}
	EndGlobalSection
EndGlobal
